
Microsoft Visual Studio Solution File, Format Version 12.00
# Visual Studio Version 16
VisualStudioVersion = 16.0.29215.179
MinimumVisualStudioVersion = 10.0.40219.1
Project("{FAE04EC0-301F-11D3-BF4B-00C04F79EFBC}") = "Self_evaluation", "Self_evaluation\Self_evaluation.csproj", "{B156562E-7245-4F7C-9EFF-6E1C5583217D}"
EndProject
Global
	GlobalSection(SolutionConfigurationPlatforms) = preSolution
		Debug|Any CPU = Debug|Any CPU
		Release|Any CPU = Release|Any CPU
	EndGlobalSection
	GlobalSection(ProjectConfigurationPlatforms) = postSolution
		{B156562E-7245-4F7C-9EFF-6E1C5583217D}.Debug|Any CPU.ActiveCfg = Debug|Any CPU
		{B156562E-7245-4F7C-9EFF-6E1C5583217D}.Debug|Any CPU.Build.0 = Debug|Any CPU
		{B156562E-7245-4F7C-9EFF-6E1C5583217D}.Release|Any CPU.ActiveCfg = Release|Any CPU
		{B156562E-7245-4F7C-9EFF-6E1C5583217D}.Release|Any CPU.Build.0 = Release|Any CPU
	EndGlobalSection
	GlobalSection(SolutionProperties) = preSolution
		HideSolutionNode = FALSE
	EndGlobalSection
	GlobalSection(ExtensibilityGlobals) = postSolution
		SolutionGuid = {36DA84F0-FBD5-49AA-AF91-782E4948CFEF}
	EndGlobalSection
EndGlobal
